
Microsoft Visual Studio Solution File, Format Version 12.00
# Visual Studio Version 17
VisualStudioVersion = 17.0.31903.59
MinimumVisualStudioVersion = 10.0.40219.1
Project("{2150E333-8FDC-42A3-9474-1A3956D46DE8}") = "Scripts_C#", "Scripts_C#", "{70961A60-59A7-4372-AA72-81CAA4B7C284}"
EndProject
Project("{FAE04EC0-301F-11D3-BF4B-00C04F79EFBC}") = "Resto.MVC", "Scripts_C#\Resto.MVC\Resto.MVC.csproj", "{E636052C-F7C3-426D-9B0E-65BABC21D8A3}"
EndProject
Project("{FAE04EC0-301F-11D3-BF4B-00C04F79EFBC}") = "Biblioteca", "Scripts_C#\Biblioteca\Biblioteca.csproj", "{7C4175F4-C4CE-410B-B615-C8DC4A87C4B7}"
EndProject
Global
	GlobalSection(SolutionConfigurationPlatforms) = preSolution
		Debug|Any CPU = Debug|Any CPU
		Release|Any CPU = Release|Any CPU
	EndGlobalSection
	GlobalSection(SolutionProperties) = preSolution
		HideSolutionNode = FALSE
	EndGlobalSection
	GlobalSection(ProjectConfigurationPlatforms) = postSolution
		{E636052C-F7C3-426D-9B0E-65BABC21D8A3}.Debug|Any CPU.ActiveCfg = Debug|Any CPU
		{E636052C-F7C3-426D-9B0E-65BABC21D8A3}.Debug|Any CPU.Build.0 = Debug|Any CPU
		{E636052C-F7C3-426D-9B0E-65BABC21D8A3}.Release|Any CPU.ActiveCfg = Release|Any CPU
		{E636052C-F7C3-426D-9B0E-65BABC21D8A3}.Release|Any CPU.Build.0 = Release|Any CPU
		{7C4175F4-C4CE-410B-B615-C8DC4A87C4B7}.Debug|Any CPU.ActiveCfg = Debug|Any CPU
		{7C4175F4-C4CE-410B-B615-C8DC4A87C4B7}.Debug|Any CPU.Build.0 = Debug|Any CPU
		{7C4175F4-C4CE-410B-B615-C8DC4A87C4B7}.Release|Any CPU.ActiveCfg = Release|Any CPU
		{7C4175F4-C4CE-410B-B615-C8DC4A87C4B7}.Release|Any CPU.Build.0 = Release|Any CPU
	EndGlobalSection
	GlobalSection(NestedProjects) = preSolution
		{E636052C-F7C3-426D-9B0E-65BABC21D8A3} = {70961A60-59A7-4372-AA72-81CAA4B7C284}
		{7C4175F4-C4CE-410B-B615-C8DC4A87C4B7} = {70961A60-59A7-4372-AA72-81CAA4B7C284}
	EndGlobalSection
EndGlobal
